// !$*UTF8*$!
{
	archiveVersion = 1;
	classes = {
	};
	objectVersion = 63;
	objects = {

/* Begin PBXBuildFile section */
		37AD0310266C8A920086DD10 /* AppDelegate.swift in Sources */ = {isa = PBXBuildFile; fileRef = 37AD030F266C8A920086DD10 /* AppDelegate.swift */; };
		37AD0312266C8A920086DD10 /* SceneDelegate.swift in Sources */ = {isa = PBXBuildFile; fileRef = 37AD0311266C8A920086DD10 /* SceneDelegate.swift */; };
		37AD0314266C8A920086DD10 /* ContentView.swift in Sources */ = {isa = PBXBuildFile; fileRef = 37AD0313266C8A920086DD10 /* ContentView.swift */; };
		37AD0317266C8A920086DD10 /* Authenticator.xcdatamodeld in Sources */ = {isa = PBXBuildFile; fileRef = 37AD0315266C8A920086DD10 /* Authenticator.xcdatamodeld */; };
		37AD031C266C8A930086DD10 /* Preview Assets.xcassets in Resources */ = {isa = PBXBuildFile; fileRef = 37AD031B266C8A930086DD10 /* Preview Assets.xcassets */; };
		37AD031F266C8A930086DD10 /* LaunchScreen.storyboard in Resources */ = {isa = PBXBuildFile; fileRef = 37AD031D266C8A930086DD10 /* LaunchScreen.storyboard */; };
		37AD032A266C8A930086DD10 /* AuthenticatorTests.swift in Sources */ = {isa = PBXBuildFile; fileRef = 37AD0329266C8A930086DD10 /* AuthenticatorTests.swift */; };
		37AD0335266C8A930086DD10 /* AuthenticatorUITests.swift in Sources */ = {isa = PBXBuildFile; fileRef = 37AD0334266C8A930086DD10 /* AuthenticatorUITests.swift */; };
		37AD0362266C8CCA0086DD10 /* Settings.bundle in Resources */ = {isa = PBXBuildFile; fileRef = 37AD0342266C8CC90086DD10 /* Settings.bundle */; };
		37AD0363266C8CCA0086DD10 /* Images.xcassets in Resources */ = {isa = PBXBuildFile; fileRef = 37AD0343266C8CCA0086DD10 /* Images.xcassets */; };
		37AD0364266C8CCA0086DD10 /* MenuCopyButton.swift in Sources */ = {isa = PBXBuildFile; fileRef = 37AD0345266C8CCA0086DD10 /* MenuCopyButton.swift */; };
		37AD0365266C8CCA0086DD10 /* ActivityView.swift in Sources */ = {isa = PBXBuildFile; fileRef = 37AD0346266C8CCA0086DD10 /* ActivityView.swift */; };
		37AD0366266C8CCA0086DD10 /* Token.swift in Sources */ = {isa = PBXBuildFile; fileRef = 37AD0348266C8CCA0086DD10 /* Token.swift */; };
		37AD0367266C8CCA0086DD10 /* OTPGenerator.swift in Sources */ = {isa = PBXBuildFile; fileRef = 37AD0349266C8CCA0086DD10 /* OTPGenerator.swift */; };
		37AD0368266C8CCA0086DD10 /* InfoPlist.strings in Resources */ = {isa = PBXBuildFile; fileRef = 37AD034A266C8CCA0086DD10 /* InfoPlist.strings */; };
		37AD0369266C8CCA0086DD10 /* Localizable.strings in Resources */ = {isa = PBXBuildFile; fileRef = 37AD034C266C8CCA0086DD10 /* Localizable.strings */; };
		37AD036A266C8CCA0086DD10 /* EditAccountView.swift in Sources */ = {isa = PBXBuildFile; fileRef = 37AD0353266C8CCA0086DD10 /* EditAccountView.swift */; };
		37AD036B266C8CCA0086DD10 /* CodeCardView.swift in Sources */ = {isa = PBXBuildFile; fileRef = 37AD0354266C8CCA0086DD10 /* CodeCardView.swift */; };
		37AD036C266C8CCA0086DD10 /* TokenDetailView.swift in Sources */ = {isa = PBXBuildFile; fileRef = 37AD0355266C8CCA0086DD10 /* TokenDetailView.swift */; };
		37AD036D266C8CCA0086DD10 /* ExportView.swift in Sources */ = {isa = PBXBuildFile; fileRef = 37AD0357266C8CCA0086DD10 /* ExportView.swift */; };
		37AD036E266C8CCA0086DD10 /* AboutView.swift in Sources */ = {isa = PBXBuildFile; fileRef = 37AD0358266C8CCA0086DD10 /* AboutView.swift */; };
		37AD036F266C8CCA0086DD10 /* ScannerView.swift in Sources */ = {isa = PBXBuildFile; fileRef = 37AD035A266C8CCA0086DD10 /* ScannerView.swift */; };
		37AD0370266C8CCA0086DD10 /* ManualEntryView.swift in Sources */ = {isa = PBXBuildFile; fileRef = 37AD035B266C8CCA0086DD10 /* ManualEntryView.swift */; };
		37AD0372266C8CCA0086DD10 /* PhotoPicker.swift in Sources */ = {isa = PBXBuildFile; fileRef = 37AD035D266C8CCA0086DD10 /* PhotoPicker.swift */; };
		37AD0373266C8CCA0086DD10 /* DateExtensions.swift in Sources */ = {isa = PBXBuildFile; fileRef = 37AD035F266C8CCA0086DD10 /* DateExtensions.swift */; };
		37AD0374266C8CCA0086DD10 /* URLExtensions.swift in Sources */ = {isa = PBXBuildFile; fileRef = 37AD0360266C8CCA0086DD10 /* URLExtensions.swift */; };
		37AD0375266C8CCA0086DD10 /* StringExtensions.swift in Sources */ = {isa = PBXBuildFile; fileRef = 37AD0361266C8CCA0086DD10 /* StringExtensions.swift */; };
		37AD0377266C8E0E0086DD10 /* Assets.xcassets in Resources */ = {isa = PBXBuildFile; fileRef = 37AD0376266C8E0E0086DD10 /* Assets.xcassets */; };
		37AD037A266C90610086DD10 /* SwiftOTP in Frameworks */ = {isa = PBXBuildFile; productRef = 37AD0379266C90610086DD10 /* SwiftOTP */; };
		37D98D8E276AE53E00DF37EF /* View+copiedBanner.swift in Sources */ = {isa = PBXBuildFile; fileRef = 37D98D8D276AE53E00DF37EF /* View+copiedBanner.swift */; };
		37E1061D2C4BF7A900EFAED5 /* PrivacyInfo.xcprivacy in Resources */ = {isa = PBXBuildFile; fileRef = 37E1061C2C4BF7A900EFAED5 /* PrivacyInfo.xcprivacy */; };
/* End PBXBuildFile section */

/* Begin PBXContainerItemProxy section */
		37AD0326266C8A930086DD10 /* PBXContainerItemProxy */ = {
			isa = PBXContainerItemProxy;
			containerPortal = 37AD0304266C8A920086DD10 /* Project object */;
			proxyType = 1;
			remoteGlobalIDString = 37AD030B266C8A920086DD10;
			remoteInfo = Authenticator;
		};
		37AD0331266C8A930086DD10 /* PBXContainerItemProxy */ = {
			isa = PBXContainerItemProxy;
			containerPortal = 37AD0304266C8A920086DD10 /* Project object */;
			proxyType = 1;
			remoteGlobalIDString = 37AD030B266C8A920086DD10;
			remoteInfo = Authenticator;
		};
/* End PBXContainerItemProxy section */

/* Begin PBXFileReference section */
		37AD030C266C8A920086DD10 /* Authenticator.app */ = {isa = PBXFileReference; explicitFileType = wrapper.application; includeInIndex = 0; path = Authenticator.app; sourceTree = BUILT_PRODUCTS_DIR; };
		37AD030F266C8A920086DD10 /* AppDelegate.swift */ = {isa = PBXFileReference; lastKnownFileType = sourcecode.swift; path = AppDelegate.swift; sourceTree = "<group>"; };
		37AD0311266C8A920086DD10 /* SceneDelegate.swift */ = {isa = PBXFileReference; lastKnownFileType = sourcecode.swift; path = SceneDelegate.swift; sourceTree = "<group>"; };
		37AD0313266C8A920086DD10 /* ContentView.swift */ = {isa = PBXFileReference; lastKnownFileType = sourcecode.swift; path = ContentView.swift; sourceTree = "<group>"; };
		37AD0316266C8A920086DD10 /* Authenticator.xcdatamodel */ = {isa = PBXFileReference; lastKnownFileType = wrapper.xcdatamodel; path = Authenticator.xcdatamodel; sourceTree = "<group>"; };
		37AD031B266C8A930086DD10 /* Preview Assets.xcassets */ = {isa = PBXFileReference; lastKnownFileType = folder.assetcatalog; path = "Preview Assets.xcassets"; sourceTree = "<group>"; };
		37AD031E266C8A930086DD10 /* Base */ = {isa = PBXFileReference; lastKnownFileType = file.storyboard; name = Base; path = Base.lproj/LaunchScreen.storyboard; sourceTree = "<group>"; };
		37AD0320266C8A930086DD10 /* Info.plist */ = {isa = PBXFileReference; lastKnownFileType = text.plist.xml; path = Info.plist; sourceTree = "<group>"; };
		37AD0325266C8A930086DD10 /* AuthenticatorTests.xctest */ = {isa = PBXFileReference; explicitFileType = wrapper.cfbundle; includeInIndex = 0; path = AuthenticatorTests.xctest; sourceTree = BUILT_PRODUCTS_DIR; };
		37AD0329266C8A930086DD10 /* AuthenticatorTests.swift */ = {isa = PBXFileReference; lastKnownFileType = sourcecode.swift; path = AuthenticatorTests.swift; sourceTree = "<group>"; };
		37AD032B266C8A930086DD10 /* Info.plist */ = {isa = PBXFileReference; lastKnownFileType = text.plist.xml; path = Info.plist; sourceTree = "<group>"; };
		37AD0330266C8A930086DD10 /* AuthenticatorUITests.xctest */ = {isa = PBXFileReference; explicitFileType = wrapper.cfbundle; includeInIndex = 0; path = AuthenticatorUITests.xctest; sourceTree = BUILT_PRODUCTS_DIR; };
		37AD0334266C8A930086DD10 /* AuthenticatorUITests.swift */ = {isa = PBXFileReference; lastKnownFileType = sourcecode.swift; path = AuthenticatorUITests.swift; sourceTree = "<group>"; };
		37AD0336266C8A930086DD10 /* Info.plist */ = {isa = PBXFileReference; lastKnownFileType = text.plist.xml; path = Info.plist; sourceTree = "<group>"; };
		37AD0342266C8CC90086DD10 /* Settings.bundle */ = {isa = PBXFileReference; lastKnownFileType = "wrapper.plug-in"; path = Settings.bundle; sourceTree = "<group>"; };
		37AD0343266C8CCA0086DD10 /* Images.xcassets */ = {isa = PBXFileReference; lastKnownFileType = folder.assetcatalog; path = Images.xcassets; sourceTree = "<group>"; };
		37AD0345266C8CCA0086DD10 /* MenuCopyButton.swift */ = {isa = PBXFileReference; fileEncoding = 4; lastKnownFileType = sourcecode.swift; path = MenuCopyButton.swift; sourceTree = "<group>"; };
		37AD0346266C8CCA0086DD10 /* ActivityView.swift */ = {isa = PBXFileReference; fileEncoding = 4; lastKnownFileType = sourcecode.swift; path = ActivityView.swift; sourceTree = "<group>"; };
		37AD0348266C8CCA0086DD10 /* Token.swift */ = {isa = PBXFileReference; fileEncoding = 4; lastKnownFileType = sourcecode.swift; path = Token.swift; sourceTree = "<group>"; };
		37AD0349266C8CCA0086DD10 /* OTPGenerator.swift */ = {isa = PBXFileReference; fileEncoding = 4; lastKnownFileType = sourcecode.swift; path = OTPGenerator.swift; sourceTree = "<group>"; };
		37AD034A266C8CCA0086DD10 /* InfoPlist.strings */ = {isa = PBXFileReference; fileEncoding = 4; lastKnownFileType = text.plist.strings; path = InfoPlist.strings; sourceTree = "<group>"; };
		37AD034D266C8CCA0086DD10 /* en */ = {isa = PBXFileReference; lastKnownFileType = text.plist.strings; name = en; path = en.lproj/Localizable.strings; sourceTree = "<group>"; };
		37AD034E266C8CCA0086DD10 /* zh-Hant */ = {isa = PBXFileReference; lastKnownFileType = text.plist.strings; name = "zh-Hant"; path = "zh-Hant.lproj/Localizable.strings"; sourceTree = "<group>"; };
		37AD034F266C8CCA0086DD10 /* zh-Hans */ = {isa = PBXFileReference; lastKnownFileType = text.plist.strings; name = "zh-Hans"; path = "zh-Hans.lproj/Localizable.strings"; sourceTree = "<group>"; };
		37AD0350266C8CCA0086DD10 /* zh-HK */ = {isa = PBXFileReference; lastKnownFileType = text.plist.strings; name = "zh-HK"; path = "zh-HK.lproj/Localizable.strings"; sourceTree = "<group>"; };
		37AD0351266C8CCA0086DD10 /* yue */ = {isa = PBXFileReference; lastKnownFileType = text.plist.strings; name = yue; path = yue.lproj/Localizable.strings; sourceTree = "<group>"; };
		37AD0353266C8CCA0086DD10 /* EditAccountView.swift */ = {isa = PBXFileReference; fileEncoding = 4; lastKnownFileType = sourcecode.swift; path = EditAccountView.swift; sourceTree = "<group>"; };
		37AD0354266C8CCA0086DD10 /* CodeCardView.swift */ = {isa = PBXFileReference; fileEncoding = 4; lastKnownFileType = sourcecode.swift; path = CodeCardView.swift; sourceTree = "<group>"; };
		37AD0355266C8CCA0086DD10 /* TokenDetailView.swift */ = {isa = PBXFileReference; fileEncoding = 4; lastKnownFileType = sourcecode.swift; path = TokenDetailView.swift; sourceTree = "<group>"; };
		37AD0357266C8CCA0086DD10 /* ExportView.swift */ = {isa = PBXFileReference; fileEncoding = 4; lastKnownFileType = sourcecode.swift; path = ExportView.swift; sourceTree = "<group>"; };
		37AD0358266C8CCA0086DD10 /* AboutView.swift */ = {isa = PBXFileReference; fileEncoding = 4; lastKnownFileType = sourcecode.swift; path = AboutView.swift; sourceTree = "<group>"; };
		37AD035A266C8CCA0086DD10 /* ScannerView.swift */ = {isa = PBXFileReference; fileEncoding = 4; lastKnownFileType = sourcecode.swift; path = ScannerView.swift; sourceTree = "<group>"; };
		37AD035B266C8CCA0086DD10 /* ManualEntryView.swift */ = {isa = PBXFileReference; fileEncoding = 4; lastKnownFileType = sourcecode.swift; path = ManualEntryView.swift; sourceTree = "<group>"; };
		37AD035D266C8CCA0086DD10 /* PhotoPicker.swift */ = {isa = PBXFileReference; fileEncoding = 4; lastKnownFileType = sourcecode.swift; path = PhotoPicker.swift; sourceTree = "<group>"; };
		37AD035F266C8CCA0086DD10 /* DateExtensions.swift */ = {isa = PBXFileReference; fileEncoding = 4; lastKnownFileType = sourcecode.swift; path = DateExtensions.swift; sourceTree = "<group>"; };
		37AD0360266C8CCA0086DD10 /* URLExtensions.swift */ = {isa = PBXFileReference; fileEncoding = 4; lastKnownFileType = sourcecode.swift; path = URLExtensions.swift; sourceTree = "<group>"; };
		37AD0361266C8CCA0086DD10 /* StringExtensions.swift */ = {isa = PBXFileReference; fileEncoding = 4; lastKnownFileType = sourcecode.swift; path = StringExtensions.swift; sourceTree = "<group>"; };
		37AD0376266C8E0E0086DD10 /* Assets.xcassets */ = {isa = PBXFileReference; lastKnownFileType = folder.assetcatalog; path = Assets.xcassets; sourceTree = "<group>"; };
		37AD037B266C93D40086DD10 /* Authenticator.entitlements */ = {isa = PBXFileReference; lastKnownFileType = text.plist.entitlements; path = Authenticator.entitlements; sourceTree = "<group>"; };
		37C190212B8A6A07000FBC81 /* zh-Hans-CN */ = {isa = PBXFileReference; lastKnownFileType = text.plist.strings; name = "zh-Hans-CN"; path = "zh-Hans-CN.lproj/Localizable.strings"; sourceTree = "<group>"; };
		37D98D8D276AE53E00DF37EF /* View+copiedBanner.swift */ = {isa = PBXFileReference; lastKnownFileType = sourcecode.swift; path = "View+copiedBanner.swift"; sourceTree = "<group>"; };
		37E1061C2C4BF7A900EFAED5 /* PrivacyInfo.xcprivacy */ = {isa = PBXFileReference; lastKnownFileType = text.xml; path = PrivacyInfo.xcprivacy; sourceTree = "<group>"; };
		37FFCD6B275DE69D004F9D97 /* zh-Hant-CN */ = {isa = PBXFileReference; lastKnownFileType = text.plist.strings; name = "zh-Hant-CN"; path = "zh-Hant-CN.lproj/Localizable.strings"; sourceTree = "<group>"; };
		37FFCD6C275DE864004F9D97 /* zh-Hant-HK */ = {isa = PBXFileReference; lastKnownFileType = text.plist.strings; name = "zh-Hant-HK"; path = "zh-Hant-HK.lproj/Localizable.strings"; sourceTree = "<group>"; };
		37FFCD6D275DE8B4004F9D97 /* zh-Hant-MO */ = {isa = PBXFileReference; lastKnownFileType = text.plist.strings; name = "zh-Hant-MO"; path = "zh-Hant-MO.lproj/Localizable.strings"; sourceTree = "<group>"; };
		37FFCD6E275DE8E5004F9D97 /* zh-Hant-TW */ = {isa = PBXFileReference; lastKnownFileType = text.plist.strings; name = "zh-Hant-TW"; path = "zh-Hant-TW.lproj/Localizable.strings"; sourceTree = "<group>"; };
/* End PBXFileReference section */

/* Begin PBXFrameworksBuildPhase section */
		37AD0309266C8A920086DD10 /* Frameworks */ = {
			isa = PBXFrameworksBuildPhase;
			buildActionMask = 2147483647;
			files = (
				37AD037A266C90610086DD10 /* SwiftOTP in Frameworks */,
			);
			runOnlyForDeploymentPostprocessing = 0;
		};
		37AD0322266C8A930086DD10 /* Frameworks */ = {
			isa = PBXFrameworksBuildPhase;
			buildActionMask = 2147483647;
			files = (
			);
			runOnlyForDeploymentPostprocessing = 0;
		};
		37AD032D266C8A930086DD10 /* Frameworks */ = {
			isa = PBXFrameworksBuildPhase;
			buildActionMask = 2147483647;
			files = (
			);
			runOnlyForDeploymentPostprocessing = 0;
		};
/* End PBXFrameworksBuildPhase section */

/* Begin PBXGroup section */
		37AD0303266C8A920086DD10 = {
			isa = PBXGroup;
			children = (
				37AD030E266C8A920086DD10 /* Authenticator */,
				37AD0328266C8A930086DD10 /* AuthenticatorTests */,
				37AD0333266C8A930086DD10 /* AuthenticatorUITests */,
				37AD030D266C8A920086DD10 /* Products */,
			);
			indentWidth = 8;
			sourceTree = "<group>";
			tabWidth = 8;
		};
		37AD030D266C8A920086DD10 /* Products */ = {
			isa = PBXGroup;
			children = (
				37AD030C266C8A920086DD10 /* Authenticator.app */,
				37AD0325266C8A930086DD10 /* AuthenticatorTests.xctest */,
				37AD0330266C8A930086DD10 /* AuthenticatorUITests.xctest */,
			);
			name = Products;
			sourceTree = "<group>";
		};
		37AD030E266C8A920086DD10 /* Authenticator */ = {
			isa = PBXGroup;
			children = (
				37AD030F266C8A920086DD10 /* AppDelegate.swift */,
				37AD0311266C8A920086DD10 /* SceneDelegate.swift */,
				37AD0313266C8A920086DD10 /* ContentView.swift */,
				37AD0359266C8CCA0086DD10 /* Adding */,
				37AD0356266C8CCA0086DD10 /* More */,
				37AD0347266C8CCA0086DD10 /* Token */,
				37AD0352266C8CCA0086DD10 /* TokenViews */,
				37AD0344266C8CCA0086DD10 /* ViewComponents */,
				37AD035E266C8CCA0086DD10 /* Extensions */,
				37AD031D266C8A930086DD10 /* LaunchScreen.storyboard */,
				37AD0315266C8A920086DD10 /* Authenticator.xcdatamodeld */,
				37AD037B266C93D40086DD10 /* Authenticator.entitlements */,
				37E1061C2C4BF7A900EFAED5 /* PrivacyInfo.xcprivacy */,
				37AD0320266C8A930086DD10 /* Info.plist */,
				37AD034A266C8CCA0086DD10 /* InfoPlist.strings */,
				37AD0342266C8CC90086DD10 /* Settings.bundle */,
				37AD0343266C8CCA0086DD10 /* Images.xcassets */,
				37AD0376266C8E0E0086DD10 /* Assets.xcassets */,
				37AD034B266C8CCA0086DD10 /* Localization */,
				37AD031A266C8A930086DD10 /* Preview Content */,
			);
			path = Authenticator;
			sourceTree = "<group>";
		};
		37AD031A266C8A930086DD10 /* Preview Content */ = {
			isa = PBXGroup;
			children = (
				37AD031B266C8A930086DD10 /* Preview Assets.xcassets */,
			);
			path = "Preview Content";
			sourceTree = "<group>";
		};
		37AD0328266C8A930086DD10 /* AuthenticatorTests */ = {
			isa = PBXGroup;
			children = (
				37AD0329266C8A930086DD10 /* AuthenticatorTests.swift */,
				37AD032B266C8A930086DD10 /* Info.plist */,
			);
			path = AuthenticatorTests;
			sourceTree = "<group>";
		};
		37AD0333266C8A930086DD10 /* AuthenticatorUITests */ = {
			isa = PBXGroup;
			children = (
				37AD0334266C8A930086DD10 /* AuthenticatorUITests.swift */,
				37AD0336266C8A930086DD10 /* Info.plist */,
			);
			path = AuthenticatorUITests;
			sourceTree = "<group>";
		};
		37AD0344266C8CCA0086DD10 /* ViewComponents */ = {
			isa = PBXGroup;
			children = (
				37AD0345266C8CCA0086DD10 /* MenuCopyButton.swift */,
				37D98D8D276AE53E00DF37EF /* View+copiedBanner.swift */,
				37AD0346266C8CCA0086DD10 /* ActivityView.swift */,
			);
			path = ViewComponents;
			sourceTree = "<group>";
		};
		37AD0347266C8CCA0086DD10 /* Token */ = {
			isa = PBXGroup;
			children = (
				37AD0348266C8CCA0086DD10 /* Token.swift */,
				37AD0349266C8CCA0086DD10 /* OTPGenerator.swift */,
			);
			path = Token;
			sourceTree = "<group>";
		};
		37AD034B266C8CCA0086DD10 /* Localization */ = {
			isa = PBXGroup;
			children = (
				37AD034C266C8CCA0086DD10 /* Localizable.strings */,
			);
			path = Localization;
			sourceTree = "<group>";
		};
		37AD0352266C8CCA0086DD10 /* TokenViews */ = {
			isa = PBXGroup;
			children = (
				37AD0353266C8CCA0086DD10 /* EditAccountView.swift */,
				37AD0354266C8CCA0086DD10 /* CodeCardView.swift */,
				37AD0355266C8CCA0086DD10 /* TokenDetailView.swift */,
			);
			path = TokenViews;
			sourceTree = "<group>";
		};
		37AD0356266C8CCA0086DD10 /* More */ = {
			isa = PBXGroup;
			children = (
				37AD0357266C8CCA0086DD10 /* ExportView.swift */,
				37AD0358266C8CCA0086DD10 /* AboutView.swift */,
			);
			path = More;
			sourceTree = "<group>";
		};
		37AD0359266C8CCA0086DD10 /* Adding */ = {
			isa = PBXGroup;
			children = (
				37AD035A266C8CCA0086DD10 /* ScannerView.swift */,
				37AD035B266C8CCA0086DD10 /* ManualEntryView.swift */,
				37AD035D266C8CCA0086DD10 /* PhotoPicker.swift */,
			);
			path = Adding;
			sourceTree = "<group>";
		};
		37AD035E266C8CCA0086DD10 /* Extensions */ = {
			isa = PBXGroup;
			children = (
				37AD035F266C8CCA0086DD10 /* DateExtensions.swift */,
				37AD0360266C8CCA0086DD10 /* URLExtensions.swift */,
				37AD0361266C8CCA0086DD10 /* StringExtensions.swift */,
			);
			path = Extensions;
			sourceTree = "<group>";
		};
/* End PBXGroup section */

/* Begin PBXNativeTarget section */
		37AD030B266C8A920086DD10 /* Authenticator */ = {
			isa = PBXNativeTarget;
			buildConfigurationList = 37AD0339266C8A930086DD10 /* Build configuration list for PBXNativeTarget "Authenticator" */;
			buildPhases = (
				37AD0308266C8A920086DD10 /* Sources */,
				37AD0309266C8A920086DD10 /* Frameworks */,
				37AD030A266C8A920086DD10 /* Resources */,
			);
			buildRules = (
			);
			dependencies = (
			);
			name = Authenticator;
			packageProductDependencies = (
				37AD0379266C90610086DD10 /* SwiftOTP */,
			);
			productName = Authenticator;
			productReference = 37AD030C266C8A920086DD10 /* Authenticator.app */;
			productType = "com.apple.product-type.application";
		};
		37AD0324266C8A930086DD10 /* AuthenticatorTests */ = {
			isa = PBXNativeTarget;
			buildConfigurationList = 37AD033C266C8A930086DD10 /* Build configuration list for PBXNativeTarget "AuthenticatorTests" */;
			buildPhases = (
				37AD0321266C8A930086DD10 /* Sources */,
				37AD0322266C8A930086DD10 /* Frameworks */,
				37AD0323266C8A930086DD10 /* Resources */,
			);
			buildRules = (
			);
			dependencies = (
				37AD0327266C8A930086DD10 /* PBXTargetDependency */,
			);
			name = AuthenticatorTests;
			productName = AuthenticatorTests;
			productReference = 37AD0325266C8A930086DD10 /* AuthenticatorTests.xctest */;
			productType = "com.apple.product-type.bundle.unit-test";
		};
		37AD032F266C8A930086DD10 /* AuthenticatorUITests */ = {
			isa = PBXNativeTarget;
			buildConfigurationList = 37AD033F266C8A930086DD10 /* Build configuration list for PBXNativeTarget "AuthenticatorUITests" */;
			buildPhases = (
				37AD032C266C8A930086DD10 /* Sources */,
				37AD032D266C8A930086DD10 /* Frameworks */,
				37AD032E266C8A930086DD10 /* Resources */,
			);
			buildRules = (
			);
			dependencies = (
				37AD0332266C8A930086DD10 /* PBXTargetDependency */,
			);
			name = AuthenticatorUITests;
			productName = AuthenticatorUITests;
			productReference = 37AD0330266C8A930086DD10 /* AuthenticatorUITests.xctest */;
			productType = "com.apple.product-type.bundle.ui-testing";
		};
/* End PBXNativeTarget section */

/* Begin PBXProject section */
		37AD0304266C8A920086DD10 /* Project object */ = {
			isa = PBXProject;
			attributes = {
				BuildIndependentTargetsInParallel = YES;
				LastSwiftUpdateCheck = 1250;
				LastUpgradeCheck = 1520;
				TargetAttributes = {
					37AD030B266C8A920086DD10 = {
						CreatedOnToolsVersion = 12.5;
					};
					37AD0324266C8A930086DD10 = {
						CreatedOnToolsVersion = 12.5;
						TestTargetID = 37AD030B266C8A920086DD10;
					};
					37AD032F266C8A930086DD10 = {
						CreatedOnToolsVersion = 12.5;
						TestTargetID = 37AD030B266C8A920086DD10;
					};
				};
			};
			buildConfigurationList = 37AD0307266C8A920086DD10 /* Build configuration list for PBXProject "Authenticator" */;
			compatibilityVersion = "Xcode 15.3";
			developmentRegion = en;
			hasScannedForEncodings = 0;
			knownRegions = (
				en,
				Base,
				"zh-Hant",
				"zh-Hans",
				"zh-HK",
				yue,
				"zh-Hant-CN",
				"zh-Hant-HK",
				"zh-Hant-MO",
				"zh-Hant-TW",
				"zh-Hans-CN",
			);
			mainGroup = 37AD0303266C8A920086DD10;
			packageReferences = (
				37AD0378266C90610086DD10 /* XCRemoteSwiftPackageReference "SwiftOTP" */,
			);
			productRefGroup = 37AD030D266C8A920086DD10 /* Products */;
			projectDirPath = "";
			projectRoot = "";
			targets = (
				37AD030B266C8A920086DD10 /* Authenticator */,
				37AD0324266C8A930086DD10 /* AuthenticatorTests */,
				37AD032F266C8A930086DD10 /* AuthenticatorUITests */,
			);
		};
/* End PBXProject section */

/* Begin PBXResourcesBuildPhase section */
		37AD030A266C8A920086DD10 /* Resources */ = {
			isa = PBXResourcesBuildPhase;
			buildActionMask = 2147483647;
			files = (
				37AD0362266C8CCA0086DD10 /* Settings.bundle in Resources */,
				37AD0368266C8CCA0086DD10 /* InfoPlist.strings in Resources */,
				37AD0363266C8CCA0086DD10 /* Images.xcassets in Resources */,
				37AD0369266C8CCA0086DD10 /* Localizable.strings in Resources */,
				37AD0377266C8E0E0086DD10 /* Assets.xcassets in Resources */,
				37AD031F266C8A930086DD10 /* LaunchScreen.storyboard in Resources */,
				37E1061D2C4BF7A900EFAED5 /* PrivacyInfo.xcprivacy in Resources */,
				37AD031C266C8A930086DD10 /* Preview Assets.xcassets in Resources */,
			);
			runOnlyForDeploymentPostprocessing = 0;
		};
		37AD0323266C8A930086DD10 /* Resources */ = {
			isa = PBXResourcesBuildPhase;
			buildActionMask = 2147483647;
			files = (
			);
			runOnlyForDeploymentPostprocessing = 0;
		};
		37AD032E266C8A930086DD10 /* Resources */ = {
			isa = PBXResourcesBuildPhase;
			buildActionMask = 2147483647;
			files = (
			);
			runOnlyForDeploymentPostprocessing = 0;
		};
/* End PBXResourcesBuildPhase section */

/* Begin PBXSourcesBuildPhase section */
		37AD0308266C8A920086DD10 /* Sources */ = {
			isa = PBXSourcesBuildPhase;
			buildActionMask = 2147483647;
			files = (
				37AD0310266C8A920086DD10 /* AppDelegate.swift in Sources */,
				37AD0366266C8CCA0086DD10 /* Token.swift in Sources */,
				37AD036C266C8CCA0086DD10 /* TokenDetailView.swift in Sources */,
				37D98D8E276AE53E00DF37EF /* View+copiedBanner.swift in Sources */,
				37AD0317266C8A920086DD10 /* Authenticator.xcdatamodeld in Sources */,
				37AD036E266C8CCA0086DD10 /* AboutView.swift in Sources */,
				37AD0373266C8CCA0086DD10 /* DateExtensions.swift in Sources */,
				37AD036F266C8CCA0086DD10 /* ScannerView.swift in Sources */,
				37AD036A266C8CCA0086DD10 /* EditAccountView.swift in Sources */,
				37AD0370266C8CCA0086DD10 /* ManualEntryView.swift in Sources */,
				37AD0312266C8A920086DD10 /* SceneDelegate.swift in Sources */,
				37AD0314266C8A920086DD10 /* ContentView.swift in Sources */,
				37AD0364266C8CCA0086DD10 /* MenuCopyButton.swift in Sources */,
				37AD0375266C8CCA0086DD10 /* StringExtensions.swift in Sources */,
				37AD036D266C8CCA0086DD10 /* ExportView.swift in Sources */,
				37AD0372266C8CCA0086DD10 /* PhotoPicker.swift in Sources */,
				37AD0365266C8CCA0086DD10 /* ActivityView.swift in Sources */,
				37AD0374266C8CCA0086DD10 /* URLExtensions.swift in Sources */,
				37AD0367266C8CCA0086DD10 /* OTPGenerator.swift in Sources */,
				37AD036B266C8CCA0086DD10 /* CodeCardView.swift in Sources */,
			);
			runOnlyForDeploymentPostprocessing = 0;
		};
		37AD0321266C8A930086DD10 /* Sources */ = {
			isa = PBXSourcesBuildPhase;
			buildActionMask = 2147483647;
			files = (
				37AD032A266C8A930086DD10 /* AuthenticatorTests.swift in Sources */,
			);
			runOnlyForDeploymentPostprocessing = 0;
		};
		37AD032C266C8A930086DD10 /* Sources */ = {
			isa = PBXSourcesBuildPhase;
			buildActionMask = 2147483647;
			files = (
				37AD0335266C8A930086DD10 /* AuthenticatorUITests.swift in Sources */,
			);
			runOnlyForDeploymentPostprocessing = 0;
		};
/* End PBXSourcesBuildPhase section */

/* Begin PBXTargetDependency section */
		37AD0327266C8A930086DD10 /* PBXTargetDependency */ = {
			isa = PBXTargetDependency;
			target = 37AD030B266C8A920086DD10 /* Authenticator */;
			targetProxy = 37AD0326266C8A930086DD10 /* PBXContainerItemProxy */;
		};
		37AD0332266C8A930086DD10 /* PBXTargetDependency */ = {
			isa = PBXTargetDependency;
			target = 37AD030B266C8A920086DD10 /* Authenticator */;
			targetProxy = 37AD0331266C8A930086DD10 /* PBXContainerItemProxy */;
		};
/* End PBXTargetDependency section */

/* Begin PBXVariantGroup section */
		37AD031D266C8A930086DD10 /* LaunchScreen.storyboard */ = {
			isa = PBXVariantGroup;
			children = (
				37AD031E266C8A930086DD10 /* Base */,
			);
			name = LaunchScreen.storyboard;
			sourceTree = "<group>";
		};
		37AD034C266C8CCA0086DD10 /* Localizable.strings */ = {
			isa = PBXVariantGroup;
			children = (
				37AD034D266C8CCA0086DD10 /* en */,
				37AD034E266C8CCA0086DD10 /* zh-Hant */,
				37AD034F266C8CCA0086DD10 /* zh-Hans */,
				37AD0350266C8CCA0086DD10 /* zh-HK */,
				37AD0351266C8CCA0086DD10 /* yue */,
				37FFCD6B275DE69D004F9D97 /* zh-Hant-CN */,
				37FFCD6C275DE864004F9D97 /* zh-Hant-HK */,
				37FFCD6D275DE8B4004F9D97 /* zh-Hant-MO */,
				37FFCD6E275DE8E5004F9D97 /* zh-Hant-TW */,
				37C190212B8A6A07000FBC81 /* zh-Hans-CN */,
			);
			name = Localizable.strings;
			sourceTree = "<group>";
		};
/* End PBXVariantGroup section */

/* Begin XCBuildConfiguration section */
		37AD0337266C8A930086DD10 /* Debug */ = {
			isa = XCBuildConfiguration;
			buildSettings = {
				ALWAYS_SEARCH_USER_PATHS = NO;
				ASSETCATALOG_COMPILER_GENERATE_SWIFT_ASSET_SYMBOL_EXTENSIONS = YES;
				CLANG_ANALYZER_LOCALIZABILITY_NONLOCALIZED = YES;
				CLANG_ANALYZER_NONNULL = YES;
				CLANG_ANALYZER_NUMBER_OBJECT_CONVERSION = YES_AGGRESSIVE;
				CLANG_CXX_LANGUAGE_STANDARD = "gnu++14";
				CLANG_CXX_LIBRARY = "libc++";
				CLANG_ENABLE_MODULES = YES;
				CLANG_ENABLE_OBJC_ARC = YES;
				CLANG_ENABLE_OBJC_WEAK = YES;
				CLANG_WARN_BLOCK_CAPTURE_AUTORELEASING = YES;
				CLANG_WARN_BOOL_CONVERSION = YES;
				CLANG_WARN_COMMA = YES;
				CLANG_WARN_CONSTANT_CONVERSION = YES;
				CLANG_WARN_DEPRECATED_OBJC_IMPLEMENTATIONS = YES;
				CLANG_WARN_DIRECT_OBJC_ISA_USAGE = YES_ERROR;
				CLANG_WARN_DOCUMENTATION_COMMENTS = YES;
				CLANG_WARN_EMPTY_BODY = YES;
				CLANG_WARN_ENUM_CONVERSION = YES;
				CLANG_WARN_INFINITE_RECURSION = YES;
				CLANG_WARN_INT_CONVERSION = YES;
				CLANG_WARN_NON_LITERAL_NULL_CONVERSION = YES;
				CLANG_WARN_OBJC_IMPLICIT_RETAIN_SELF = YES;
				CLANG_WARN_OBJC_LITERAL_CONVERSION = YES;
				CLANG_WARN_OBJC_ROOT_CLASS = YES_ERROR;
				CLANG_WARN_QUOTED_INCLUDE_IN_FRAMEWORK_HEADER = YES;
				CLANG_WARN_RANGE_LOOP_ANALYSIS = YES;
				CLANG_WARN_STRICT_PROTOTYPES = YES;
				CLANG_WARN_SUSPICIOUS_MOVE = YES;
				CLANG_WARN_UNGUARDED_AVAILABILITY = YES_AGGRESSIVE;
				CLANG_WARN_UNREACHABLE_CODE = YES;
				CLANG_WARN__DUPLICATE_METHOD_MATCH = YES;
				COPY_PHASE_STRIP = NO;
				DEBUG_INFORMATION_FORMAT = dwarf;
				ENABLE_STRICT_OBJC_MSGSEND = YES;
				ENABLE_TESTABILITY = YES;
				ENABLE_USER_SCRIPT_SANDBOXING = YES;
				GCC_C_LANGUAGE_STANDARD = gnu11;
				GCC_DYNAMIC_NO_PIC = NO;
				GCC_NO_COMMON_BLOCKS = YES;
				GCC_OPTIMIZATION_LEVEL = 0;
				GCC_PREPROCESSOR_DEFINITIONS = (
					"DEBUG=1",
					"$(inherited)",
				);
				GCC_WARN_64_TO_32_BIT_CONVERSION = YES;
				GCC_WARN_ABOUT_RETURN_TYPE = YES_ERROR;
				GCC_WARN_UNDECLARED_SELECTOR = YES;
				GCC_WARN_UNINITIALIZED_AUTOS = YES_AGGRESSIVE;
				GCC_WARN_UNUSED_FUNCTION = YES;
				GCC_WARN_UNUSED_VARIABLE = YES;
				IPHONEOS_DEPLOYMENT_TARGET = 17.0;
				MTL_ENABLE_DEBUG_INFO = INCLUDE_SOURCE;
				MTL_FAST_MATH = YES;
				ONLY_ACTIVE_ARCH = YES;
				SDKROOT = iphoneos;
				SWIFT_ACTIVE_COMPILATION_CONDITIONS = DEBUG;
				SWIFT_EMIT_LOC_STRINGS = YES;
				SWIFT_OPTIMIZATION_LEVEL = "-Onone";
			};
			name = Debug;
		};
		37AD0338266C8A930086DD10 /* Release */ = {
			isa = XCBuildConfiguration;
			buildSettings = {
				ALWAYS_SEARCH_USER_PATHS = NO;
				ASSETCATALOG_COMPILER_GENERATE_SWIFT_ASSET_SYMBOL_EXTENSIONS = YES;
				CLANG_ANALYZER_LOCALIZABILITY_NONLOCALIZED = YES;
				CLANG_ANALYZER_NONNULL = YES;
				CLANG_ANALYZER_NUMBER_OBJECT_CONVERSION = YES_AGGRESSIVE;
				CLANG_CXX_LANGUAGE_STANDARD = "gnu++14";
				CLANG_CXX_LIBRARY = "libc++";
				CLANG_ENABLE_MODULES = YES;
				CLANG_ENABLE_OBJC_ARC = YES;
				CLANG_ENABLE_OBJC_WEAK = YES;
				CLANG_WARN_BLOCK_CAPTURE_AUTORELEASING = YES;
				CLANG_WARN_BOOL_CONVERSION = YES;
				CLANG_WARN_COMMA = YES;
				CLANG_WARN_CONSTANT_CONVERSION = YES;
				CLANG_WARN_DEPRECATED_OBJC_IMPLEMENTATIONS = YES;
				CLANG_WARN_DIRECT_OBJC_ISA_USAGE = YES_ERROR;
				CLANG_WARN_DOCUMENTATION_COMMENTS = YES;
				CLANG_WARN_EMPTY_BODY = YES;
				CLANG_WARN_ENUM_CONVERSION = YES;
				CLANG_WARN_INFINITE_RECURSION = YES;
				CLANG_WARN_INT_CONVERSION = YES;
				CLANG_WARN_NON_LITERAL_NULL_CONVERSION = YES;
				CLANG_WARN_OBJC_IMPLICIT_RETAIN_SELF = YES;
				CLANG_WARN_OBJC_LITERAL_CONVERSION = YES;
				CLANG_WARN_OBJC_ROOT_CLASS = YES_ERROR;
				CLANG_WARN_QUOTED_INCLUDE_IN_FRAMEWORK_HEADER = YES;
				CLANG_WARN_RANGE_LOOP_ANALYSIS = YES;
				CLANG_WARN_STRICT_PROTOTYPES = YES;
				CLANG_WARN_SUSPICIOUS_MOVE = YES;
				CLANG_WARN_UNGUARDED_AVAILABILITY = YES_AGGRESSIVE;
				CLANG_WARN_UNREACHABLE_CODE = YES;
				CLANG_WARN__DUPLICATE_METHOD_MATCH = YES;
				COPY_PHASE_STRIP = NO;
				DEBUG_INFORMATION_FORMAT = "dwarf-with-dsym";
				ENABLE_NS_ASSERTIONS = NO;
				ENABLE_STRICT_OBJC_MSGSEND = YES;
				ENABLE_USER_SCRIPT_SANDBOXING = YES;
				GCC_C_LANGUAGE_STANDARD = gnu11;
				GCC_NO_COMMON_BLOCKS = YES;
				GCC_WARN_64_TO_32_BIT_CONVERSION = YES;
				GCC_WARN_ABOUT_RETURN_TYPE = YES_ERROR;
				GCC_WARN_UNDECLARED_SELECTOR = YES;
				GCC_WARN_UNINITIALIZED_AUTOS = YES_AGGRESSIVE;
				GCC_WARN_UNUSED_FUNCTION = YES;
				GCC_WARN_UNUSED_VARIABLE = YES;
				IPHONEOS_DEPLOYMENT_TARGET = 17.0;
				MTL_ENABLE_DEBUG_INFO = NO;
				MTL_FAST_MATH = YES;
				SDKROOT = iphoneos;
				SWIFT_COMPILATION_MODE = wholemodule;
				SWIFT_EMIT_LOC_STRINGS = YES;
				SWIFT_OPTIMIZATION_LEVEL = "-O";
				VALIDATE_PRODUCT = YES;
			};
			name = Release;
		};
		37AD033A266C8A930086DD10 /* Debug */ = {
			isa = XCBuildConfiguration;
			buildSettings = {
				ASSETCATALOG_COMPILER_APPICON_NAME = AppIcon;
				ASSETCATALOG_COMPILER_GLOBAL_ACCENT_COLOR_NAME = AccentColor;
				CODE_SIGN_ENTITLEMENTS = Authenticator/Authenticator.entitlements;
				CODE_SIGN_IDENTITY = "Apple Development";
				"CODE_SIGN_IDENTITY[sdk=macosx*]" = "-";
				CODE_SIGN_STYLE = Automatic;
				CURRENT_PROJECT_VERSION = 29;
				DEVELOPMENT_ASSET_PATHS = "\"Authenticator/Preview Content\"";
				DEVELOPMENT_TEAM = "";
				ENABLE_PREVIEWS = YES;
				INFOPLIST_FILE = Authenticator/Info.plist;
				INFOPLIST_KEY_LSApplicationCategoryType = "public.app-category.utilities";
				IPHONEOS_DEPLOYMENT_TARGET = 15.0;
				LD_RUNPATH_SEARCH_PATHS = (
					"$(inherited)",
					"@executable_path/Frameworks",
				);
				MARKETING_VERSION = 1.3.0;
				PRODUCT_BUNDLE_IDENTIFIER = io.ososo.Authenticator;
				PRODUCT_NAME = "$(TARGET_NAME)";
				PROVISIONING_PROFILE_SPECIFIER = "";
				"PROVISIONING_PROFILE_SPECIFIER[sdk=macosx*]" = "";
				SUPPORTED_PLATFORMS = "iphoneos iphonesimulator";
				SUPPORTS_MACCATALYST = YES;
				SUPPORTS_MAC_DESIGNED_FOR_IPHONE_IPAD = NO;
				SUPPORTS_XR_DESIGNED_FOR_IPHONE_IPAD = NO;
				SWIFT_VERSION = 5.0;
				TARGETED_DEVICE_FAMILY = "1,2";
			};
			name = Debug;
		};
		37AD033B266C8A930086DD10 /* Release */ = {
			isa = XCBuildConfiguration;
			buildSettings = {
				ASSETCATALOG_COMPILER_APPICON_NAME = AppIcon;
				ASSETCATALOG_COMPILER_GLOBAL_ACCENT_COLOR_NAME = AccentColor;
				CODE_SIGN_ENTITLEMENTS = Authenticator/Authenticator.entitlements;
				CODE_SIGN_IDENTITY = "Apple Development";
				"CODE_SIGN_IDENTITY[sdk=macosx*]" = "-";
				CODE_SIGN_STYLE = Automatic;
				CURRENT_PROJECT_VERSION = 29;
				DEVELOPMENT_ASSET_PATHS = "\"Authenticator/Preview Content\"";
				DEVELOPMENT_TEAM = "";
				ENABLE_PREVIEWS = YES;
				INFOPLIST_FILE = Authenticator/Info.plist;
				INFOPLIST_KEY_LSApplicationCategoryType = "public.app-category.utilities";
				IPHONEOS_DEPLOYMENT_TARGET = 15.0;
				LD_RUNPATH_SEARCH_PATHS = (
					"$(inherited)",
					"@executable_path/Frameworks",
				);
				MARKETING_VERSION = 1.3.0;
				PRODUCT_BUNDLE_IDENTIFIER = io.ososo.Authenticator;
				PRODUCT_NAME = "$(TARGET_NAME)";
				PROVISIONING_PROFILE_SPECIFIER = "";
				"PROVISIONING_PROFILE_SPECIFIER[sdk=macosx*]" = "";
				SUPPORTED_PLATFORMS = "iphoneos iphonesimulator";
				SUPPORTS_MACCATALYST = YES;
				SUPPORTS_MAC_DESIGNED_FOR_IPHONE_IPAD = NO;
				SUPPORTS_XR_DESIGNED_FOR_IPHONE_IPAD = NO;
				SWIFT_VERSION = 5.0;
				TARGETED_DEVICE_FAMILY = "1,2";
			};
			name = Release;
		};
		37AD033D266C8A930086DD10 /* Debug */ = {
			isa = XCBuildConfiguration;
			buildSettings = {
				ALWAYS_EMBED_SWIFT_STANDARD_LIBRARIES = YES;
				BUNDLE_LOADER = "$(TEST_HOST)";
				CODE_SIGN_STYLE = Automatic;
				INFOPLIST_FILE = AuthenticatorTests/Info.plist;
				IPHONEOS_DEPLOYMENT_TARGET = 17.0;
				LD_RUNPATH_SEARCH_PATHS = (
					"$(inherited)",
					"@executable_path/Frameworks",
					"@loader_path/Frameworks",
				);
				PRODUCT_BUNDLE_IDENTIFIER = io.ososo.AuthenticatorTests;
				PRODUCT_NAME = "$(TARGET_NAME)";
				SWIFT_VERSION = 5.0;
				TARGETED_DEVICE_FAMILY = "1,2";
				TEST_HOST = "$(BUILT_PRODUCTS_DIR)/Authenticator.app/Authenticator";
			};
			name = Debug;
		};
		37AD033E266C8A930086DD10 /* Release */ = {
			isa = XCBuildConfiguration;
			buildSettings = {
				ALWAYS_EMBED_SWIFT_STANDARD_LIBRARIES = YES;
				BUNDLE_LOADER = "$(TEST_HOST)";
				CODE_SIGN_STYLE = Automatic;
				INFOPLIST_FILE = AuthenticatorTests/Info.plist;
				IPHONEOS_DEPLOYMENT_TARGET = 17.0;
				LD_RUNPATH_SEARCH_PATHS = (
					"$(inherited)",
					"@executable_path/Frameworks",
					"@loader_path/Frameworks",
				);
				PRODUCT_BUNDLE_IDENTIFIER = io.ososo.AuthenticatorTests;
				PRODUCT_NAME = "$(TARGET_NAME)";
				SWIFT_VERSION = 5.0;
				TARGETED_DEVICE_FAMILY = "1,2";
				TEST_HOST = "$(BUILT_PRODUCTS_DIR)/Authenticator.app/Authenticator";
			};
			name = Release;
		};
		37AD0340266C8A930086DD10 /* Debug */ = {
			isa = XCBuildConfiguration;
			buildSettings = {
				ALWAYS_EMBED_SWIFT_STANDARD_LIBRARIES = YES;
				CODE_SIGN_STYLE = Automatic;
				INFOPLIST_FILE = AuthenticatorUITests/Info.plist;
				LD_RUNPATH_SEARCH_PATHS = (
					"$(inherited)",
					"@executable_path/Frameworks",
					"@loader_path/Frameworks",
				);
				PRODUCT_BUNDLE_IDENTIFIER = io.ososo.AuthenticatorUITests;
				PRODUCT_NAME = "$(TARGET_NAME)";
				SWIFT_VERSION = 5.0;
				TARGETED_DEVICE_FAMILY = "1,2";
				TEST_TARGET_NAME = Authenticator;
			};
			name = Debug;
		};
		37AD0341266C8A930086DD10 /* Release */ = {
			isa = XCBuildConfiguration;
			buildSettings = {
				ALWAYS_EMBED_SWIFT_STANDARD_LIBRARIES = YES;
				CODE_SIGN_STYLE = Automatic;
				INFOPLIST_FILE = AuthenticatorUITests/Info.plist;
				LD_RUNPATH_SEARCH_PATHS = (
					"$(inherited)",
					"@executable_path/Frameworks",
					"@loader_path/Frameworks",
				);
				PRODUCT_BUNDLE_IDENTIFIER = io.ososo.AuthenticatorUITests;
				PRODUCT_NAME = "$(TARGET_NAME)";
				SWIFT_VERSION = 5.0;
				TARGETED_DEVICE_FAMILY = "1,2";
				TEST_TARGET_NAME = Authenticator;
			};
			name = Release;
		};
/* End XCBuildConfiguration section */

/* Begin XCConfigurationList section */
		37AD0307266C8A920086DD10 /* Build configuration list for PBXProject "Authenticator" */ = {
			isa = XCConfigurationList;
			buildConfigurations = (
				37AD0337266C8A930086DD10 /* Debug */,
				37AD0338266C8A930086DD10 /* Release */,
			);
			defaultConfigurationIsVisible = 0;
			defaultConfigurationName = Release;
		};
		37AD0339266C8A930086DD10 /* Build configuration list for PBXNativeTarget "Authenticator" */ = {
			isa = XCConfigurationList;
			buildConfigurations = (
				37AD033A266C8A930086DD10 /* Debug */,
				37AD033B266C8A930086DD10 /* Release */,
			);
			defaultConfigurationIsVisible = 0;
			defaultConfigurationName = Release;
		};
		37AD033C266C8A930086DD10 /* Build configuration list for PBXNativeTarget "AuthenticatorTests" */ = {
			isa = XCConfigurationList;
			buildConfigurations = (
				37AD033D266C8A930086DD10 /* Debug */,
				37AD033E266C8A930086DD10 /* Release */,
			);
			defaultConfigurationIsVisible = 0;
			defaultConfigurationName = Release;
		};
		37AD033F266C8A930086DD10 /* Build configuration list for PBXNativeTarget "AuthenticatorUITests" */ = {
			isa = XCConfigurationList;
			buildConfigurations = (
				37AD0340266C8A930086DD10 /* Debug */,
				37AD0341266C8A930086DD10 /* Release */,
			);
			defaultConfigurationIsVisible = 0;
			defaultConfigurationName = Release;
		};
/* End XCConfigurationList section */

/* Begin XCRemoteSwiftPackageReference section */
		37AD0378266C90610086DD10 /* XCRemoteSwiftPackageReference "SwiftOTP" */ = {
			isa = XCRemoteSwiftPackageReference;
			repositoryURL = "https://github.com/lachlanbell/SwiftOTP.git";
			requirement = {
				kind = exactVersion;
				version = 3.0.2;
			};
		};
/* End XCRemoteSwiftPackageReference section */

/* Begin XCSwiftPackageProductDependency section */
		37AD0379266C90610086DD10 /* SwiftOTP */ = {
			isa = XCSwiftPackageProductDependency;
			package = 37AD0378266C90610086DD10 /* XCRemoteSwiftPackageReference "SwiftOTP" */;
			productName = SwiftOTP;
		};
/* End XCSwiftPackageProductDependency section */

/* Begin XCVersionGroup section */
		37AD0315266C8A920086DD10 /* Authenticator.xcdatamodeld */ = {
			isa = XCVersionGroup;
			children = (
				37AD0316266C8A920086DD10 /* Authenticator.xcdatamodel */,
			);
			currentVersion = 37AD0316266C8A920086DD10 /* Authenticator.xcdatamodel */;
			path = Authenticator.xcdatamodeld;
			sourceTree = "<group>";
			versionGroupType = wrapper.xcdatamodel;
		};
/* End XCVersionGroup section */
	};
	rootObject = 37AD0304266C8A920086DD10 /* Project object */;
}
